
Microsoft Visual Studio Solution File, Format Version 12.00
# Visual Studio Version 17
VisualStudioVersion = 17.9.34728.123
MinimumVisualStudioVersion = 10.0.40219.1
Project("{FAE04EC0-301F-11D3-BF4B-00C04F79EFBC}") = "Site E-Commerce", "Site E-Commerce\Site E-Commerce.csproj", "{5F4B6BC2-D1CC-455A-BB39-40A9583C416E}"
EndProject
Global
	GlobalSection(SolutionConfigurationPlatforms) = preSolution
		Debug|Any CPU = Debug|Any CPU
		Release|Any CPU = Release|Any CPU
	EndGlobalSection
	GlobalSection(ProjectConfigurationPlatforms) = postSolution
		{5F4B6BC2-D1CC-455A-BB39-40A9583C416E}.Debug|Any CPU.ActiveCfg = Debug|Any CPU
		{5F4B6BC2-D1CC-455A-BB39-40A9583C416E}.Debug|Any CPU.Build.0 = Debug|Any CPU
		{5F4B6BC2-D1CC-455A-BB39-40A9583C416E}.Release|Any CPU.ActiveCfg = Release|Any CPU
		{5F4B6BC2-D1CC-455A-BB39-40A9583C416E}.Release|Any CPU.Build.0 = Release|Any CPU
	EndGlobalSection
	GlobalSection(SolutionProperties) = preSolution
		HideSolutionNode = FALSE
	EndGlobalSection
	GlobalSection(ExtensibilityGlobals) = postSolution
		SolutionGuid = {E628ABFC-EB82-40AD-AA4E-22FCF7D5C0CE}
	EndGlobalSection
EndGlobal
